
Microsoft Visual Studio Solution File, Format Version 12.00
# Visual Studio 15
VisualStudioVersion = 15.0.27004.2002
MinimumVisualStudioVersion = 10.0.40219.1
Project("{FAE04EC0-301F-11D3-BF4B-00C04F79EFBC}") = "crud", "crud\crud.csproj", "{CF9CCEDD-1BC1-4812-9171-08C0646F204D}"
EndProject
Global
	GlobalSection(SolutionConfigurationPlatforms) = preSolution
		Debug|Any CPU = Debug|Any CPU
		Release|Any CPU = Release|Any CPU
	EndGlobalSection
	GlobalSection(ProjectConfigurationPlatforms) = postSolution
		{CF9CCEDD-1BC1-4812-9171-08C0646F204D}.Debug|Any CPU.ActiveCfg = Debug|Any CPU
		{CF9CCEDD-1BC1-4812-9171-08C0646F204D}.Debug|Any CPU.Build.0 = Debug|Any CPU
		{CF9CCEDD-1BC1-4812-9171-08C0646F204D}.Release|Any CPU.ActiveCfg = Release|Any CPU
		{CF9CCEDD-1BC1-4812-9171-08C0646F204D}.Release|Any CPU.Build.0 = Release|Any CPU
	EndGlobalSection
	GlobalSection(SolutionProperties) = preSolution
		HideSolutionNode = FALSE
	EndGlobalSection
	GlobalSection(ExtensibilityGlobals) = postSolution
		SolutionGuid = {3200961D-6487-468D-BFE4-ACE191C12418}
	EndGlobalSection
EndGlobal
